
Microsoft Visual Studio Solution File, Format Version 12.00
# Visual Studio Version 17
VisualStudioVersion = 17.4.33103.184
MinimumVisualStudioVersion = 10.0.40219.1
Project("{FAE04EC0-301F-11D3-BF4B-00C04F79EFBC}") = "Lucca.Currencies", "Lucca.Currencies\Lucca.Currencies.csproj", "{CBADDC62-CC22-474C-B24E-EAD344906BD3}"
EndProject
Global
	GlobalSection(SolutionConfigurationPlatforms) = preSolution
		Debug|Any CPU = Debug|Any CPU
		Release|Any CPU = Release|Any CPU
	EndGlobalSection
	GlobalSection(ProjectConfigurationPlatforms) = postSolution
		{CBADDC62-CC22-474C-B24E-EAD344906BD3}.Debug|Any CPU.ActiveCfg = Debug|Any CPU
		{CBADDC62-CC22-474C-B24E-EAD344906BD3}.Debug|Any CPU.Build.0 = Debug|Any CPU
		{CBADDC62-CC22-474C-B24E-EAD344906BD3}.Release|Any CPU.ActiveCfg = Release|Any CPU
		{CBADDC62-CC22-474C-B24E-EAD344906BD3}.Release|Any CPU.Build.0 = Release|Any CPU
	EndGlobalSection
	GlobalSection(SolutionProperties) = preSolution
		HideSolutionNode = FALSE
	EndGlobalSection
	GlobalSection(ExtensibilityGlobals) = postSolution
		SolutionGuid = {5CEA3B6C-BA2E-4510-A34D-67131B62DA4F}
	EndGlobalSection
EndGlobal
